
Microsoft Visual Studio Solution File, Format Version 12.00
# Visual Studio 15
VisualStudioVersion = 15.0.26228.9
MinimumVisualStudioVersion = 10.0.40219.1
Project("{FAE04EC0-301F-11D3-BF4B-00C04F79EFBC}") = "Winiarzapp.UI", "winiarzapp\Winiarzapp.UI.csproj", "{B214D772-CD49-410E-BC27-6FF0AF77A67F}"
EndProject
Project("{FAE04EC0-301F-11D3-BF4B-00C04F79EFBC}") = "Winiarzapp.Tests", "winiarzapp.Tests\Winiarzapp.Tests.csproj", "{65CF1EE7-B7FE-4D02-947A-64B7DD00FC6A}"
EndProject
Project("{FAE04EC0-301F-11D3-BF4B-00C04F79EFBC}") = "Winiarzapp.Core", "Winiarzapp.Core\Winiarzapp.Core.csproj", "{1076AB49-785C-4246-A893-56766E64D901}"
EndProject
Global
	GlobalSection(SolutionConfigurationPlatforms) = preSolution
		Debug|Any CPU = Debug|Any CPU
		Release|Any CPU = Release|Any CPU
	EndGlobalSection
	GlobalSection(ProjectConfigurationPlatforms) = postSolution
		{B214D772-CD49-410E-BC27-6FF0AF77A67F}.Debug|Any CPU.ActiveCfg = Debug|Any CPU
		{B214D772-CD49-410E-BC27-6FF0AF77A67F}.Debug|Any CPU.Build.0 = Debug|Any CPU
		{B214D772-CD49-410E-BC27-6FF0AF77A67F}.Release|Any CPU.ActiveCfg = Release|Any CPU
		{B214D772-CD49-410E-BC27-6FF0AF77A67F}.Release|Any CPU.Build.0 = Release|Any CPU
		{65CF1EE7-B7FE-4D02-947A-64B7DD00FC6A}.Debug|Any CPU.ActiveCfg = Debug|Any CPU
		{65CF1EE7-B7FE-4D02-947A-64B7DD00FC6A}.Debug|Any CPU.Build.0 = Debug|Any CPU
		{65CF1EE7-B7FE-4D02-947A-64B7DD00FC6A}.Release|Any CPU.ActiveCfg = Release|Any CPU
		{65CF1EE7-B7FE-4D02-947A-64B7DD00FC6A}.Release|Any CPU.Build.0 = Release|Any CPU
		{1076AB49-785C-4246-A893-56766E64D901}.Debug|Any CPU.ActiveCfg = Debug|Any CPU
		{1076AB49-785C-4246-A893-56766E64D901}.Debug|Any CPU.Build.0 = Debug|Any CPU
		{1076AB49-785C-4246-A893-56766E64D901}.Release|Any CPU.ActiveCfg = Release|Any CPU
		{1076AB49-785C-4246-A893-56766E64D901}.Release|Any CPU.Build.0 = Release|Any CPU
	EndGlobalSection
	GlobalSection(SolutionProperties) = preSolution
		HideSolutionNode = FALSE
	EndGlobalSection
EndGlobal
